// !$*UTF8*$!
{
	archiveVersion = 1;
	classes = {
	};
	objectVersion = 46;
	objects = {

/* Begin PBXBuildFile section */
		7965FBBB197AE1850038F0D5 /* AppDelegate.swift in Sources */ = {isa = PBXBuildFile; fileRef = 7965FBBA197AE1850038F0D5 /* AppDelegate.swift */; };
		7965FBBD197AE1850038F0D5 /* ViewController.swift in Sources */ = {isa = PBXBuildFile; fileRef = 7965FBBC197AE1850038F0D5 /* ViewController.swift */; };
		7965FBC0197AE1850038F0D5 /* Main.storyboard in Resources */ = {isa = PBXBuildFile; fileRef = 7965FBBE197AE1850038F0D5 /* Main.storyboard */; };
		7965FBC2197AE1850038F0D5 /* Images.xcassets in Resources */ = {isa = PBXBuildFile; fileRef = 7965FBC1197AE1850038F0D5 /* Images.xcassets */; };
		7965FBCE197AE1850038F0D5 /* TodayExtensionPracticeTests.swift in Sources */ = {isa = PBXBuildFile; fileRef = 7965FBCD197AE1850038F0D5 /* TodayExtensionPracticeTests.swift */; };
/* End PBXBuildFile section */

/* Begin PBXContainerItemProxy section */
		7965FBC8197AE1850038F0D5 /* PBXContainerItemProxy */ = {
			isa = PBXContainerItemProxy;
			containerPortal = 7965FBAD197AE1850038F0D5 /* Project object */;
			proxyType = 1;
			remoteGlobalIDString = 7965FBB4197AE1850038F0D5;
			remoteInfo = TodayExtensionPractice;
		};
/* End PBXContainerItemProxy section */

/* Begin PBXFileReference section */
		7965FBB5197AE1850038F0D5 /* TodayExtensionPractice.app */ = {isa = PBXFileReference; explicitFileType = wrapper.application; includeInIndex = 0; path = TodayExtensionPractice.app; sourceTree = BUILT_PRODUCTS_DIR; };
		7965FBB9197AE1850038F0D5 /* Info.plist */ = {isa = PBXFileReference; lastKnownFileType = text.plist.xml; path = Info.plist; sourceTree = "<group>"; };
		7965FBBA197AE1850038F0D5 /* AppDelegate.swift */ = {isa = PBXFileReference; lastKnownFileType = sourcecode.swift; path = AppDelegate.swift; sourceTree = "<group>"; };
		7965FBBC197AE1850038F0D5 /* ViewController.swift */ = {isa = PBXFileReference; lastKnownFileType = sourcecode.swift; path = ViewController.swift; sourceTree = "<group>"; };
		7965FBBF197AE1850038F0D5 /* Base */ = {isa = PBXFileReference; lastKnownFileType = file.storyboard; name = Base; path = Base.lproj/Main.storyboard; sourceTree = "<group>"; };
		7965FBC1197AE1850038F0D5 /* Images.xcassets */ = {isa = PBXFileReference; lastKnownFileType = folder.assetcatalog; path = Images.xcassets; sourceTree = "<group>"; };
		7965FBC7197AE1850038F0D5 /* TodayExtensionPracticeTests.xctest */ = {isa = PBXFileReference; explicitFileType = wrapper.cfbundle; includeInIndex = 0; path = TodayExtensionPracticeTests.xctest; sourceTree = BUILT_PRODUCTS_DIR; };
		7965FBCC197AE1850038F0D5 /* Info.plist */ = {isa = PBXFileReference; lastKnownFileType = text.plist.xml; path = Info.plist; sourceTree = "<group>"; };
		7965FBCD197AE1850038F0D5 /* TodayExtensionPracticeTests.swift */ = {isa = PBXFileReference; lastKnownFileType = sourcecode.swift; path = TodayExtensionPracticeTests.swift; sourceTree = "<group>"; };
/* End PBXFileReference section */

/* Begin PBXFrameworksBuildPhase section */
		7965FBB2197AE1850038F0D5 /* Frameworks */ = {
			isa = PBXFrameworksBuildPhase;
			buildActionMask = 2147483647;
			files = (
			);
			runOnlyForDeploymentPostprocessing = 0;
		};
		7965FBC4197AE1850038F0D5 /* Frameworks */ = {
			isa = PBXFrameworksBuildPhase;
			buildActionMask = 2147483647;
			files = (
			);
			runOnlyForDeploymentPostprocessing = 0;
		};
/* End PBXFrameworksBuildPhase section */

/* Begin PBXGroup section */
		7965FBAC197AE1850038F0D5 = {
			isa = PBXGroup;
			children = (
				7965FBB7197AE1850038F0D5 /* TodayExtensionPractice */,
				7965FBCA197AE1850038F0D5 /* TodayExtensionPracticeTests */,
				7965FBB6197AE1850038F0D5 /* Products */,
			);
			sourceTree = "<group>";
		};
		7965FBB6197AE1850038F0D5 /* Products */ = {
			isa = PBXGroup;
			children = (
				7965FBB5197AE1850038F0D5 /* TodayExtensionPractice.app */,
				7965FBC7197AE1850038F0D5 /* TodayExtensionPracticeTests.xctest */,
			);
			name = Products;
			sourceTree = "<group>";
		};
		7965FBB7197AE1850038F0D5 /* TodayExtensionPractice */ = {
			isa = PBXGroup;
			children = (
				7965FBBA197AE1850038F0D5 /* AppDelegate.swift */,
				7965FBBC197AE1850038F0D5 /* ViewController.swift */,
				7965FBBE197AE1850038F0D5 /* Main.storyboard */,
				7965FBC1197AE1850038F0D5 /* Images.xcassets */,
				7965FBB8197AE1850038F0D5 /* Supporting Files */,
			);
			path = TodayExtensionPractice;
			sourceTree = "<group>";
		};
		7965FBB8197AE1850038F0D5 /* Supporting Files */ = {
			isa = PBXGroup;
			children = (
				7965FBB9197AE1850038F0D5 /* Info.plist */,
			);
			name = "Supporting Files";
			sourceTree = "<group>";
		};
		7965FBCA197AE1850038F0D5 /* TodayExtensionPracticeTests */ = {
			isa = PBXGroup;
			children = (
				7965FBCD197AE1850038F0D5 /* TodayExtensionPracticeTests.swift */,
				7965FBCB197AE1850038F0D5 /* Supporting Files */,
			);
			path = TodayExtensionPracticeTests;
			sourceTree = "<group>";
		};
		7965FBCB197AE1850038F0D5 /* Supporting Files */ = {
			isa = PBXGroup;
			children = (
				7965FBCC197AE1850038F0D5 /* Info.plist */,
			);
			name = "Supporting Files";
			sourceTree = "<group>";
		};
/* End PBXGroup section */

/* Begin PBXNativeTarget section */
		7965FBB4197AE1850038F0D5 /* TodayExtensionPractice */ = {
			isa = PBXNativeTarget;
			buildConfigurationList = 7965FBD1197AE1850038F0D5 /* Build configuration list for PBXNativeTarget "TodayExtensionPractice" */;
			buildPhases = (
				7965FBB1197AE1850038F0D5 /* Sources */,
				7965FBB2197AE1850038F0D5 /* Frameworks */,
				7965FBB3197AE1850038F0D5 /* Resources */,
			);
			buildRules = (
			);
			dependencies = (
			);
			name = TodayExtensionPractice;
			productName = TodayExtensionPractice;
			productReference = 7965FBB5197AE1850038F0D5 /* TodayExtensionPractice.app */;
			productType = "com.apple.product-type.application";
		};
		7965FBC6197AE1850038F0D5 /* TodayExtensionPracticeTests */ = {
			isa = PBXNativeTarget;
			buildConfigurationList = 7965FBD4197AE1850038F0D5 /* Build configuration list for PBXNativeTarget "TodayExtensionPracticeTests" */;
			buildPhases = (
				7965FBC3197AE1850038F0D5 /* Sources */,
				7965FBC4197AE1850038F0D5 /* Frameworks */,
				7965FBC5197AE1850038F0D5 /* Resources */,
			);
			buildRules = (
			);
			dependencies = (
				7965FBC9197AE1850038F0D5 /* PBXTargetDependency */,
			);
			name = TodayExtensionPracticeTests;
			productName = TodayExtensionPracticeTests;
			productReference = 7965FBC7197AE1850038F0D5 /* TodayExtensionPracticeTests.xctest */;
			productType = "com.apple.product-type.bundle.unit-test";
		};
/* End PBXNativeTarget section */

/* Begin PBXProject section */
		7965FBAD197AE1850038F0D5 /* Project object */ = {
			isa = PBXProject;
			attributes = {
				LastUpgradeCheck = 0600;
				ORGANIZATIONNAME = "Grady Zhuo";
				TargetAttributes = {
					7965FBB4197AE1850038F0D5 = {
						CreatedOnToolsVersion = 6.0;
					};
					7965FBC6197AE1850038F0D5 = {
						CreatedOnToolsVersion = 6.0;
						TestTargetID = 7965FBB4197AE1850038F0D5;
					};
				};
			};
			buildConfigurationList = 7965FBB0197AE1850038F0D5 /* Build configuration list for PBXProject "TodayExtensionPractice" */;
			compatibilityVersion = "Xcode 3.2";
			developmentRegion = English;
			hasScannedForEncodings = 0;
			knownRegions = (
				en,
				Base,
			);
			mainGroup = 7965FBAC197AE1850038F0D5;
			productRefGroup = 7965FBB6197AE1850038F0D5 /* Products */;
			projectDirPath = "";
			projectRoot = "";
			targets = (
				7965FBB4197AE1850038F0D5 /* TodayExtensionPractice */,
				7965FBC6197AE1850038F0D5 /* TodayExtensionPracticeTests */,
			);
		};
/* End PBXProject section */

/* Begin PBXResourcesBuildPhase section */
		7965FBB3197AE1850038F0D5 /* Resources */ = {
			isa = PBXResourcesBuildPhase;
			buildActionMask = 2147483647;
			files = (
				7965FBC0197AE1850038F0D5 /* Main.storyboard in Resources */,
				7965FBC2197AE1850038F0D5 /* Images.xcassets in Resources */,
			);
			runOnlyForDeploymentPostprocessing = 0;
		};
		7965FBC5197AE1850038F0D5 /* Resources */ = {
			isa = PBXResourcesBuildPhase;
			buildActionMask = 2147483647;
			files = (
			);
			runOnlyForDeploymentPostprocessing = 0;
		};
/* End PBXResourcesBuildPhase section */

/* Begin PBXSourcesBuildPhase section */
		7965FBB1197AE1850038F0D5 /* Sources */ = {
			isa = PBXSourcesBuildPhase;
			buildActionMask = 2147483647;
			files = (
				7965FBBD197AE1850038F0D5 /* ViewController.swift in Sources */,
				7965FBBB197AE1850038F0D5 /* AppDelegate.swift in Sources */,
			);
			runOnlyForDeploymentPostprocessing = 0;
		};
		7965FBC3197AE1850038F0D5 /* Sources */ = {
			isa = PBXSourcesBuildPhase;
			buildActionMask = 2147483647;
			files = (
				7965FBCE197AE1850038F0D5 /* TodayExtensionPracticeTests.swift in Sources */,
			);
			runOnlyForDeploymentPostprocessing = 0;
		};
/* End PBXSourcesBuildPhase section */

/* Begin PBXTargetDependency section */
		7965FBC9197AE1850038F0D5 /* PBXTargetDependency */ = {
			isa = PBXTargetDependency;
			target = 7965FBB4197AE1850038F0D5 /* TodayExtensionPractice */;
			targetProxy = 7965FBC8197AE1850038F0D5 /* PBXContainerItemProxy */;
		};
/* End PBXTargetDependency section */

/* Begin PBXVariantGroup section */
		7965FBBE197AE1850038F0D5 /* Main.storyboard */ = {
			isa = PBXVariantGroup;
			children = (
				7965FBBF197AE1850038F0D5 /* Base */,
			);
			name = Main.storyboard;
			sourceTree = "<group>";
		};
/* End PBXVariantGroup section */

/* Begin XCBuildConfiguration section */
		7965FBCF197AE1850038F0D5 /* Debug */ = {
			isa = XCBuildConfiguration;
			buildSettings = {
				ALWAYS_SEARCH_USER_PATHS = NO;
				CLANG_CXX_LANGUAGE_STANDARD = "gnu++0x";
				CLANG_CXX_LIBRARY = "libc++";
				CLANG_ENABLE_MODULES = YES;
				CLANG_ENABLE_OBJC_ARC = YES;
				CLANG_WARN_BOOL_CONVERSION = YES;
				CLANG_WARN_CONSTANT_CONVERSION = YES;
				CLANG_WARN_DIRECT_OBJC_ISA_USAGE = YES_ERROR;
				CLANG_WARN_EMPTY_BODY = YES;
				CLANG_WARN_ENUM_CONVERSION = YES;
				CLANG_WARN_INT_CONVERSION = YES;
				CLANG_WARN_OBJC_ROOT_CLASS = YES_ERROR;
				CLANG_WARN_UNREACHABLE_CODE = YES;
				CLANG_WARN__DUPLICATE_METHOD_MATCH = YES;
				"CODE_SIGN_IDENTITY[sdk=iphoneos*]" = "iPhone Developer";
				COPY_PHASE_STRIP = NO;
				ENABLE_STRICT_OBJC_MSGSEND = YES;
				GCC_C_LANGUAGE_STANDARD = gnu99;
				GCC_DYNAMIC_NO_PIC = NO;
				GCC_OPTIMIZATION_LEVEL = 0;
				GCC_PREPROCESSOR_DEFINITIONS = (
					"DEBUG=1",
					"$(inherited)",
				);
				GCC_SYMBOLS_PRIVATE_EXTERN = NO;
				GCC_WARN_64_TO_32_BIT_CONVERSION = YES;
				GCC_WARN_ABOUT_RETURN_TYPE = YES_ERROR;
				GCC_WARN_UNDECLARED_SELECTOR = YES;
				GCC_WARN_UNINITIALIZED_AUTOS = YES_AGGRESSIVE;
				GCC_WARN_UNUSED_FUNCTION = YES;
				GCC_WARN_UNUSED_VARIABLE = YES;
				IPHONEOS_DEPLOYMENT_TARGET = 8.0;
				MTL_ENABLE_DEBUG_INFO = YES;
				ONLY_ACTIVE_ARCH = YES;
				SDKROOT = iphoneos;
				SWIFT_OPTIMIZATION_LEVEL = "-Onone";
			};
			name = Debug;
		};
		7965FBD0197AE1850038F0D5 /* Release */ = {
			isa = XCBuildConfiguration;
			buildSettings = {
				ALWAYS_SEARCH_USER_PATHS = NO;
				CLANG_CXX_LANGUAGE_STANDARD = "gnu++0x";
				CLANG_CXX_LIBRARY = "libc++";
				CLANG_ENABLE_MODULES = YES;
				CLANG_ENABLE_OBJC_ARC = YES;
				CLANG_WARN_BOOL_CONVERSION = YES;
				CLANG_WARN_CONSTANT_CONVERSION = YES;
				CLANG_WARN_DIRECT_OBJC_ISA_USAGE = YES_ERROR;
				CLANG_WARN_EMPTY_BODY = YES;
				CLANG_WARN_ENUM_CONVERSION = YES;
				CLANG_WARN_INT_CONVERSION = YES;
				CLANG_WARN_OBJC_ROOT_CLASS = YES_ERROR;
				CLANG_WARN_UNREACHABLE_CODE = YES;
				CLANG_WARN__DUPLICATE_METHOD_MATCH = YES;
				"CODE_SIGN_IDENTITY[sdk=iphoneos*]" = "iPhone Developer";
				COPY_PHASE_STRIP = YES;
				ENABLE_NS_ASSERTIONS = NO;
				ENABLE_STRICT_OBJC_MSGSEND = YES;
				GCC_C_LANGUAGE_STANDARD = gnu99;
				GCC_WARN_64_TO_32_BIT_CONVERSION = YES;
				GCC_WARN_ABOUT_RETURN_TYPE = YES_ERROR;
				GCC_WARN_UNDECLARED_SELECTOR = YES;
				GCC_WARN_UNINITIALIZED_AUTOS = YES_AGGRESSIVE;
				GCC_WARN_UNUSED_FUNCTION = YES;
				GCC_WARN_UNUSED_VARIABLE = YES;
				IPHONEOS_DEPLOYMENT_TARGET = 8.0;
				MTL_ENABLE_DEBUG_INFO = NO;
				SDKROOT = iphoneos;
				VALIDATE_PRODUCT = YES;
			};
			name = Release;
		};
		7965FBD2197AE1850038F0D5 /* Debug */ = {
			isa = XCBuildConfiguration;
			buildSettings = {
				ASSETCATALOG_COMPILER_APPICON_NAME = AppIcon;
				ASSETCATALOG_COMPILER_LAUNCHIMAGE_NAME = LaunchImage;
				INFOPLIST_FILE = TodayExtensionPractice/Info.plist;
				LD_RUNPATH_SEARCH_PATHS = "$(inherited) @executable_path/Frameworks";
				PRODUCT_NAME = "$(TARGET_NAME)";
			};
			name = Debug;
		};
		7965FBD3197AE1850038F0D5 /* Release */ = {
			isa = XCBuildConfiguration;
			buildSettings = {
				ASSETCATALOG_COMPILER_APPICON_NAME = AppIcon;
				ASSETCATALOG_COMPILER_LAUNCHIMAGE_NAME = LaunchImage;
				INFOPLIST_FILE = TodayExtensionPractice/Info.plist;
				LD_RUNPATH_SEARCH_PATHS = "$(inherited) @executable_path/Frameworks";
				PRODUCT_NAME = "$(TARGET_NAME)";
			};
			name = Release;
		};
		7965FBD5197AE1850038F0D5 /* Debug */ = {
			isa = XCBuildConfiguration;
			buildSettings = {
				BUNDLE_LOADER = "$(BUILT_PRODUCTS_DIR)/TodayExtensionPractice.app/TodayExtensionPractice";
				FRAMEWORK_SEARCH_PATHS = (
					"$(SDKROOT)/Developer/Library/Frameworks",
					"$(inherited)",
				);
				GCC_PREPROCESSOR_DEFINITIONS = (
					"DEBUG=1",
					"$(inherited)",
				);
				INFOPLIST_FILE = TodayExtensionPracticeTests/Info.plist;
				LD_RUNPATH_SEARCH_PATHS = "$(inherited) @executable_path/Frameworks @loader_path/Frameworks";
				PRODUCT_NAME = "$(TARGET_NAME)";
				TEST_HOST = "$(BUNDLE_LOADER)";
			};
			name = Debug;
		};
		7965FBD6197AE1850038F0D5 /* Release */ = {
			isa = XCBuildConfiguration;
			buildSettings = {
				BUNDLE_LOADER = "$(BUILT_PRODUCTS_DIR)/TodayExtensionPractice.app/TodayExtensionPractice";
				FRAMEWORK_SEARCH_PATHS = (
					"$(SDKROOT)/Developer/Library/Frameworks",
					"$(inherited)",
				);
				INFOPLIST_FILE = TodayExtensionPracticeTests/Info.plist;
				LD_RUNPATH_SEARCH_PATHS = "$(inherited) @executable_path/Frameworks @loader_path/Frameworks";
				PRODUCT_NAME = "$(TARGET_NAME)";
				TEST_HOST = "$(BUNDLE_LOADER)";
			};
			name = Release;
		};
/* End XCBuildConfiguration section */

/* Begin XCConfigurationList section */
		7965FBB0197AE1850038F0D5 /* Build configuration list for PBXProject "TodayExtensionPractice" */ = {
			isa = XCConfigurationList;
			buildConfigurations = (
				7965FBCF197AE1850038F0D5 /* Debug */,
				7965FBD0197AE1850038F0D5 /* Release */,
			);
			defaultConfigurationIsVisible = 0;
			defaultConfigurationName = Release;
		};
		7965FBD1197AE1850038F0D5 /* Build configuration list for PBXNativeTarget "TodayExtensionPractice" */ = {
			isa = XCConfigurationList;
			buildConfigurations = (
				7965FBD2197AE1850038F0D5 /* Debug */,
				7965FBD3197AE1850038F0D5 /* Release */,
			);
			defaultConfigurationIsVisible = 0;
		};
		7965FBD4197AE1850038F0D5 /* Build configuration list for PBXNativeTarget "TodayExtensionPracticeTests" */ = {
			isa = XCConfigurationList;
			buildConfigurations = (
				7965FBD5197AE1850038F0D5 /* Debug */,
				7965FBD6197AE1850038F0D5 /* Release */,
			);
			defaultConfigurationIsVisible = 0;
		};
/* End XCConfigurationList section */
	};
	rootObject = 7965FBAD197AE1850038F0D5 /* Project object */;
}
